description: Lock a device
fields:
  target:
    description: >
      A target to send the command to. This target will be used in
      the service name, like this: myphone -> notify.automate_myphone
    example: myphone
  feedback_key:
    description: >
      Distinguisges this notification from others when the Automate fiber sends
      feedback before stopping.
    example: medication_reminder
sequence:
  - service_template: >
      notify.automate_{{target | default(states('sensor.automate_phone_name'), true)}}
    data_template:
      message: >
        {
          "type": "lock",
          "feedbackKey": {{feedback_key | tojson | default('null', true)}},
          "webhookUrl": "{{states('sensor.automate_base_url')}}/api/webhook/{{states('sensor.automate_webhook_id')}}"
        }
